
Microsoft Visual Studio Solution File, Format Version 12.00
# Visual Studio Version 17
VisualStudioVersion = 17.9.34728.123
MinimumVisualStudioVersion = 10.0.40219.1
Project("{FAE04EC0-301F-11D3-BF4B-00C04F79EFBC}") = "WpfApp1", "WpfApp1\WpfApp1.csproj", "{23DAF744-5CA2-41E8-83AE-03E4E7CE7ED5}"
EndProject
Global
	GlobalSection(SolutionConfigurationPlatforms) = preSolution
		Debug|Any CPU = Debug|Any CPU
		Release|Any CPU = Release|Any CPU
	EndGlobalSection
	GlobalSection(ProjectConfigurationPlatforms) = postSolution
		{23DAF744-5CA2-41E8-83AE-03E4E7CE7ED5}.Debug|Any CPU.ActiveCfg = Debug|Any CPU
		{23DAF744-5CA2-41E8-83AE-03E4E7CE7ED5}.Debug|Any CPU.Build.0 = Debug|Any CPU
		{23DAF744-5CA2-41E8-83AE-03E4E7CE7ED5}.Release|Any CPU.ActiveCfg = Release|Any CPU
		{23DAF744-5CA2-41E8-83AE-03E4E7CE7ED5}.Release|Any CPU.Build.0 = Release|Any CPU
	EndGlobalSection
	GlobalSection(SolutionProperties) = preSolution
		HideSolutionNode = FALSE
	EndGlobalSection
	GlobalSection(ExtensibilityGlobals) = postSolution
		SolutionGuid = {39F777F2-7E99-427B-8278-F3A7097A4D8A}
	EndGlobalSection
EndGlobal
